<?xml version="1.0" encoding="utf-8"?>
<Project ToolsVersion="4.0" xmlns="http://schemas.microsoft.com/developer/msbuild/2003">
  <ItemGroup>
    <Filter Include="ソース ファイル">
      <UniqueIdentifier>{4FC737F1-C7A5-4376-A066-2A32D752A2FF}</UniqueIdentifier>
      <Extensions>cpp;c;cc;cxx;c++;cppm;ixx;def;odl;idl;hpj;bat;asm;asmx</Extensions>
    </Filter>
    <Filter Include="ヘッダー ファイル">
      <UniqueIdentifier>{93995380-89BD-4b04-88EB-625FBE52EBFB}</UniqueIdentifier>
      <Extensions>h;hh;hpp;hxx;h++;hm;inl;inc;ipp;xsd</Extensions>
    </Filter>
    <Filter Include="リソース ファイル">
      <UniqueIdentifier>{67DA6AB6-F800-4c08-8B7A-83BB121AAD01}</UniqueIdentifier>
      <Extensions>rc;ico;cur;bmp;dlg;rc2;rct;bin;rgs;gif;jpg;jpeg;jpe;resx;tiff;tif;png;wav;mfcribbon-ms</Extensions>
    </Filter>
    <Filter Include="imgui">
      <UniqueIdentifier>{2ae7fe3c-d338-4c5d-bffa-4f2d593c3310}</UniqueIdentifier>
    </Filter>
    <Filter Include="ソース ファイル\PSO">
      <UniqueIdentifier>{222bddf7-7625-4653-b03d-6d6cef2ffeb7}</UniqueIdentifier>
    </Filter>
    <Filter Include="header">
      <UniqueIdentifier>{b2bbd771-7f2e-488a-9834-7fa93dca6403}</UniqueIdentifier>
    </Filter>
    <Filter Include="Utility">
      <UniqueIdentifier>{55abf6c4-9d42-401d-99dc-7857b3fdc52f}</UniqueIdentifier>
    </Filter>
    <Filter Include="application">
      <UniqueIdentifier>{ebd6620b-69b1-4c6f-b4c8-3f05abb83dee}</UniqueIdentifier>
    </Filter>
    <Filter Include="engine">
      <UniqueIdentifier>{9b769be6-3e43-44cd-98f5-67ad450f72cd}</UniqueIdentifier>
    </Filter>
    <Filter Include="engine\3d">
      <UniqueIdentifier>{01d6f405-b361-4eea-a119-8b18777e96f5}</UniqueIdentifier>
    </Filter>
    <Filter Include="engine\2d">
      <UniqueIdentifier>{4b0a51e9-9fac-40a7-b5df-c0609f39aece}</UniqueIdentifier>
    </Filter>
    <Filter Include="engine\engineCore">
      <UniqueIdentifier>{ed7b6e0b-e0b1-4a65-9325-12fb2ae56dde}</UniqueIdentifier>
    </Filter>
    <Filter Include="engine\audio">
      <UniqueIdentifier>{7ca0ba22-cd3a-4a3c-9b40-0d8eb8fbb0bd}</UniqueIdentifier>
    </Filter>
  </ItemGroup>
  <ItemGroup>
    <ClCompile Include="main.cpp">
      <Filter>ソース ファイル</Filter>
    </ClCompile>
    <ClCompile Include="externals\imgui\imgui.cpp">
      <Filter>imgui</Filter>
    </ClCompile>
    <ClCompile Include="externals\imgui\imgui_demo.cpp">
      <Filter>imgui</Filter>
    </ClCompile>
    <ClCompile Include="externals\imgui\imgui_draw.cpp">
      <Filter>imgui</Filter>
    </ClCompile>
    <ClCompile Include="externals\imgui\imgui_impl_dx12.cpp">
      <Filter>imgui</Filter>
    </ClCompile>
    <ClCompile Include="externals\imgui\imgui_impl_win32.cpp">
      <Filter>imgui</Filter>
    </ClCompile>
    <ClCompile Include="externals\imgui\imgui_tables.cpp">
      <Filter>imgui</Filter>
    </ClCompile>
    <ClCompile Include="externals\imgui\imgui_widgets.cpp">
      <Filter>imgui</Filter>
    </ClCompile>
    <ClCompile Include="magosuya\object\3d\SphereModel.cpp">
      <Filter>engine\3d</Filter>
    </ClCompile>
    <ClCompile Include="magosuya\object\3d\Model.cpp">
      <Filter>engine\3d</Filter>
    </ClCompile>
    <ClCompile Include="magosuya\object\2d\Sprite.cpp">
      <Filter>engine\2d</Filter>
    </ClCompile>
    <ClCompile Include="magosuya\utility\audio\Sound.cpp">
      <Filter>engine\audio</Filter>
    </ClCompile>
    <ClCompile Include="magosuya\utility\audio\SoundData.cpp">
      <Filter>engine\audio</Filter>
    </ClCompile>
    <ClCompile Include="magosuya\utility\audio\SoundManager.cpp">
      <Filter>engine\audio</Filter>
    </ClCompile>
    <ClCompile Include="magosuya\engine\engineCore\DxCommon.cpp">
      <Filter>engine\engineCore</Filter>
    </ClCompile>
    <ClCompile Include="general\function.cpp">
      <Filter>Utility</Filter>
    </ClCompile>
    <ClCompile Include="magosuya\utility\camera\DebugCamera.cpp">
      <Filter>Utility</Filter>
    </ClCompile>
    <ClCompile Include="general\Math.cpp">
      <Filter>Utility</Filter>
    </ClCompile>
    <ClCompile Include="magosuya\utility\input\GamePad.cpp">
      <Filter>ソース ファイル</Filter>
    </ClCompile>
    <ClCompile Include="magosuya\utility\input\InputManager.cpp">
      <Filter>ソース ファイル</Filter>
    </ClCompile>
    <ClCompile Include="magosuya\utility\input\RawInput.cpp">
      <Filter>ソース ファイル</Filter>
    </ClCompile>
    <ClCompile Include="magosuya\MagosuyaEngine.cpp">
      <Filter>ソース ファイル</Filter>
    </ClCompile>
    <ClCompile Include="magosuya\engine\engineCore\WindowsAPI.cpp">
      <Filter>ソース ファイル</Filter>
    </ClCompile>
    <ClCompile Include="magosuya\object\3d\ModelManager.cpp">
      <Filter>ソース ファイル</Filter>
    </ClCompile>
    <ClCompile Include="general\Logger.cpp">
      <Filter>ソース ファイル</Filter>
    </ClCompile>
    <ClCompile Include="general\String.cpp">
      <Filter>ソース ファイル</Filter>
    </ClCompile>
    <ClCompile Include="magosuya\engine\engineCore\LeakChecker.cpp">
      <Filter>ソース ファイル</Filter>
    </ClCompile>
  </ItemGroup>
  <ItemGroup>
    <FxCompile Include="magosuya\engine\shader\Object3d.VS.hlsl" />
    <FxCompile Include="magosuya\engine\shader\Object3d.PS.hlsl" />
  </ItemGroup>
  <ItemGroup>
    <ClInclude Include="externals\imgui\imconfig.h">
      <Filter>imgui</Filter>
    </ClInclude>
    <ClInclude Include="externals\imgui\imgui.h">
      <Filter>imgui</Filter>
    </ClInclude>
    <ClInclude Include="externals\imgui\imgui_impl_dx12.h">
      <Filter>imgui</Filter>
    </ClInclude>
    <ClInclude Include="externals\imgui\imgui_impl_win32.h">
      <Filter>imgui</Filter>
    </ClInclude>
    <ClInclude Include="externals\imgui\imgui_internal.h">
      <Filter>imgui</Filter>
    </ClInclude>
    <ClInclude Include="externals\imgui\imstb_rectpack.h">
      <Filter>imgui</Filter>
    </ClInclude>
    <ClInclude Include="externals\imgui\imstb_textedit.h">
      <Filter>imgui</Filter>
    </ClInclude>
    <ClInclude Include="externals\imgui\imstb_truetype.h">
      <Filter>imgui</Filter>
    </ClInclude>
    <ClInclude Include="externals.h">
      <Filter>ヘッダー ファイル</Filter>
    </ClInclude>
    <ClInclude Include="magosuya\object\2d\Sprite.h">
      <Filter>engine\2d</Filter>
    </ClInclude>
    <ClInclude Include="magosuya\object\3d\Model.h">
      <Filter>engine\3d</Filter>
    </ClInclude>
    <ClInclude Include="magosuya\object\3d\SphereModel.h">
      <Filter>engine\3d</Filter>
    </ClInclude>
    <ClInclude Include="magosuya\utility\audio\Sound.h">
      <Filter>engine\audio</Filter>
    </ClInclude>
    <ClInclude Include="magosuya\utility\audio\SoundData.h">
      <Filter>engine\audio</Filter>
    </ClInclude>
    <ClInclude Include="magosuya\utility\audio\SoundManager.h">
      <Filter>engine\audio</Filter>
    </ClInclude>
    <ClInclude Include="magosuya\engine\engineCore\DxCommon.h">
      <Filter>engine\engineCore</Filter>
    </ClInclude>
    <ClInclude Include="magosuya\utility\camera\DebugCamera.h">
      <Filter>Utility</Filter>
    </ClInclude>
    <ClInclude Include="general\Math.h">
      <Filter>Utility</Filter>
    </ClInclude>
    <ClInclude Include="general\struct.h">
      <Filter>Utility</Filter>
    </ClInclude>
    <ClInclude Include="general\function.h">
      <Filter>Utility</Filter>
    </ClInclude>
    <ClInclude Include="magosuya\utility\input\GamePad.h">
      <Filter>ヘッダー ファイル</Filter>
    </ClInclude>
    <ClInclude Include="magosuya\utility\input\InputManager.h">
      <Filter>ヘッダー ファイル</Filter>
    </ClInclude>
    <ClInclude Include="magosuya\utility\input\RawInput.h">
      <Filter>ヘッダー ファイル</Filter>
    </ClInclude>
    <ClInclude Include="magosuya\MagosuyaEngine.h">
      <Filter>ヘッダー ファイル</Filter>
    </ClInclude>
    <ClInclude Include="magosuya\engine\engineCore\WindowsAPI.h">
      <Filter>ヘッダー ファイル</Filter>
    </ClInclude>
    <ClInclude Include="magosuya\object\3d\ModelManager.h">
      <Filter>ヘッダー ファイル</Filter>
    </ClInclude>
    <ClInclude Include="general\Logger.h">
      <Filter>ヘッダー ファイル</Filter>
    </ClInclude>
    <ClInclude Include="general\String.h">
      <Filter>ヘッダー ファイル</Filter>
    </ClInclude>
    <ClInclude Include="magosuya\engine\engineCore\LeakChecker.h">
      <Filter>ヘッダー ファイル</Filter>
    </ClInclude>
  </ItemGroup>
  <ItemGroup>
    <Text Include="externals\imgui\LICENSE.txt">
      <Filter>imgui</Filter>
    </Text>
  </ItemGroup>
  <ItemGroup>
    <None Include="magosuya\engine\shader\Object3d.hlsli" />
  </ItemGroup>
</Project>